{
  "version": 4,
  "terraform_version": "0.14.10",
  "serial": 4,
  "lineage": "6d00f284-6c9a-9316-2085-0d3b28335777",
  "outputs": {},
  "resources": [
    {
      "mode": "managed",
      "type": "github_repository",
      "name": "tf-test",
      "provider": "provider[\"registry.terraform.io/hashicorp/github\"]",
      "instances": [
        {
          "schema_version": 0,
          "attributes": {
            "allow_merge_commit": true,
            "allow_rebase_merge": true,
            "allow_squash_merge": true,
            "archive_on_destroy": null,
            "archived": false,
            "auto_init": true,
            "default_branch": "main",
            "delete_branch_on_merge": false,
            "description": "hoho",
            "etag": "W/\"4c9b5c7efe0c7e45c8d3fddd8046046242ef48d3faaea6711bfb5fb1e2259cbc\"",
            "full_name": "labkznp/tf-test2-repo",
            "git_clone_url": "git://github.com/labkznp/tf-test2-repo.git",
            "gitignore_template": null,
            "has_downloads": false,
            "has_issues": false,
            "has_projects": false,
            "has_wiki": false,
            "homepage_url": "",
            "html_url": "https://github.com/labkznp/tf-test2-repo",
            "http_clone_url": "https://github.com/labkznp/tf-test2-repo.git",
            "id": "tf-test2-repo",
            "is_template": false,
            "license_template": null,
            "name": "tf-test2-repo",
            "node_id": "MDEwOlJlcG9zaXRvcnkzNjEwODAwNjY=",
            "private": true,
            "repo_id": 361080066,
            "ssh_clone_url": "git@github.com:labkznp/tf-test2-repo.git",
            "svn_url": "https://github.com/labkznp/tf-test2-repo",
            "template": [],
            "topics": null,
            "visibility": "private",
            "vulnerability_alerts": false
          },
          "sensitive_attributes": [],
          "private": "bnVsbA=="
        }
      ]
    }
  ]
}
